lockfileVersion: '9.0'

settings:
  autoInstallPeers: true
  excludeLinksFromLockfile: false

importers:

  .:
    devDependencies:
      '@types/aws-lambda':
        specifier: ^8.10.92
        version: 8.10.153

packages:

  '@types/aws-lambda@8.10.153':
    resolution: {integrity: sha512-j5zuETAQtPKuU8ZeqtcLdqLxQeNffX1Dd1Sr3tP56rYZD21Ph49iIqWbiHHqwLXugsMPSsgX/bAZI29Patlbbw==}

snapshots:

  '@types/aws-lambda@8.10.153': {}
